// !$*UTF8*$!
{
	archiveVersion = 1;
	classes = {
	};
	objectVersion = 46;
	objects = {

/* Begin PBXBuildFile section */
		9592E86A1C16B9C400B5566E /* AppDelegate.swift in Sources */ = {isa = PBXBuildFile; fileRef = 9592E8691C16B9C400B5566E /* AppDelegate.swift */; };
		9592E86C1C16B9C400B5566E /* ViewController.swift in Sources */ = {isa = PBXBuildFile; fileRef = 9592E86B1C16B9C400B5566E /* ViewController.swift */; };
		9592E86F1C16B9C400B5566E /* Main.storyboard in Resources */ = {isa = PBXBuildFile; fileRef = 9592E86D1C16B9C400B5566E /* Main.storyboard */; };
		9592E8711C16B9C400B5566E /* Assets.xcassets in Resources */ = {isa = PBXBuildFile; fileRef = 9592E8701C16B9C400B5566E /* Assets.xcassets */; };
		9592E8741C16B9C400B5566E /* LaunchScreen.storyboard in Resources */ = {isa = PBXBuildFile; fileRef = 9592E8721C16B9C400B5566E /* LaunchScreen.storyboard */; };
		9592E87E1C16BC8C00B5566E /* CFNetwork.framework in Frameworks */ = {isa = PBXBuildFile; fileRef = 9592E87D1C16BC8C00B5566E /* CFNetwork.framework */; };
		9592E8801C16BC9500B5566E /* SystemConfiguration.framework in Frameworks */ = {isa = PBXBuildFile; fileRef = 9592E87F1C16BC9500B5566E /* SystemConfiguration.framework */; };
		9592E8821C16BC9C00B5566E /* Security.framework in Frameworks */ = {isa = PBXBuildFile; fileRef = 9592E8811C16BC9C00B5566E /* Security.framework */; };
		9592E8841C16BD1C00B5566E /* libc++.1.dylib in Frameworks */ = {isa = PBXBuildFile; fileRef = 9592E8831C16BD1C00B5566E /* libc++.1.dylib */; };
		9592E8861C16BD4400B5566E /* libicucore.A.dylib in Frameworks */ = {isa = PBXBuildFile; fileRef = 9592E8851C16BD4400B5566E /* libicucore.A.dylib */; };
		9592E8881C16BDB100B5566E /* Firebase.framework in Frameworks */ = {isa = PBXBuildFile; fileRef = 9592E8871C16BDB100B5566E /* Firebase.framework */; };
		9592E88A1C16CE3400B5566E /* SignUpViewController.swift in Sources */ = {isa = PBXBuildFile; fileRef = 9592E8891C16CE3400B5566E /* SignUpViewController.swift */; };
		9592E8911C175FEB00B5566E /* HomeViewController.swift in Sources */ = {isa = PBXBuildFile; fileRef = 9592E8901C175FEB00B5566E /* HomeViewController.swift */; };
/* End PBXBuildFile section */

/* Begin PBXFileReference section */
		9592E8661C16B9C400B5566E /* Evenet.app */ = {isa = PBXFileReference; explicitFileType = wrapper.application; includeInIndex = 0; path = Evenet.app; sourceTree = BUILT_PRODUCTS_DIR; };
		9592E8691C16B9C400B5566E /* AppDelegate.swift */ = {isa = PBXFileReference; lastKnownFileType = sourcecode.swift; path = AppDelegate.swift; sourceTree = "<group>"; };
		9592E86B1C16B9C400B5566E /* ViewController.swift */ = {isa = PBXFileReference; lastKnownFileType = sourcecode.swift; path = ViewController.swift; sourceTree = "<group>"; };
		9592E86E1C16B9C400B5566E /* Base */ = {isa = PBXFileReference; lastKnownFileType = file.storyboard; name = Base; path = Base.lproj/Main.storyboard; sourceTree = "<group>"; };
		9592E8701C16B9C400B5566E /* Assets.xcassets */ = {isa = PBXFileReference; lastKnownFileType = folder.assetcatalog; path = Assets.xcassets; sourceTree = "<group>"; };
		9592E8731C16B9C400B5566E /* Base */ = {isa = PBXFileReference; lastKnownFileType = file.storyboard; name = Base; path = Base.lproj/LaunchScreen.storyboard; sourceTree = "<group>"; };
		9592E8751C16B9C400B5566E /* Info.plist */ = {isa = PBXFileReference; lastKnownFileType = text.plist.xml; path = Info.plist; sourceTree = "<group>"; };
		9592E87D1C16BC8C00B5566E /* CFNetwork.framework */ = {isa = PBXFileReference; lastKnownFileType = wrapper.framework; name = CFNetwork.framework; path = System/Library/Frameworks/CFNetwork.framework; sourceTree = SDKROOT; };
		9592E87F1C16BC9500B5566E /* SystemConfiguration.framework */ = {isa = PBXFileReference; lastKnownFileType = wrapper.framework; name = SystemConfiguration.framework; path = System/Library/Frameworks/SystemConfiguration.framework; sourceTree = SDKROOT; };
		9592E8811C16BC9C00B5566E /* Security.framework */ = {isa = PBXFileReference; lastKnownFileType = wrapper.framework; name = Security.framework; path = System/Library/Frameworks/Security.framework; sourceTree = SDKROOT; };
		9592E8831C16BD1C00B5566E /* libc++.1.dylib */ = {isa = PBXFileReference; lastKnownFileType = "compiled.mach-o.dylib"; name = "libc++.1.dylib"; path = "../../../../../usr/lib/libc++.1.dylib"; sourceTree = "<group>"; };
		9592E8851C16BD4400B5566E /* libicucore.A.dylib */ = {isa = PBXFileReference; lastKnownFileType = "compiled.mach-o.dylib"; name = libicucore.A.dylib; path = ../../../../../usr/lib/libicucore.A.dylib; sourceTree = "<group>"; };
		9592E8871C16BDB100B5566E /* Firebase.framework */ = {isa = PBXFileReference; lastKnownFileType = wrapper.framework; path = Firebase.framework; sourceTree = "<group>"; };
		9592E8891C16CE3400B5566E /* SignUpViewController.swift */ = {isa = PBXFileReference; fileEncoding = 4; lastKnownFileType = sourcecode.swift; path = SignUpViewController.swift; sourceTree = "<group>"; };
		9592E88B1C16CE9D00B5566E /* Evenet-Bridging-Header.h */ = {isa = PBXFileReference; lastKnownFileType = sourcecode.c.h; path = "Evenet-Bridging-Header.h"; sourceTree = "<group>"; };
		9592E8901C175FEB00B5566E /* HomeViewController.swift */ = {isa = PBXFileReference; fileEncoding = 4; lastKnownFileType = sourcecode.swift; path = HomeViewController.swift; sourceTree = "<group>"; };
/* End PBXFileReference section */

/* Begin PBXFrameworksBuildPhase section */
		9592E8631C16B9C400B5566E /* Frameworks */ = {
			isa = PBXFrameworksBuildPhase;
			buildActionMask = 2147483647;
			files = (
				9592E8861C16BD4400B5566E /* libicucore.A.dylib in Frameworks */,
				9592E8881C16BDB100B5566E /* Firebase.framework in Frameworks */,
				9592E8841C16BD1C00B5566E /* libc++.1.dylib in Frameworks */,
				9592E8821C16BC9C00B5566E /* Security.framework in Frameworks */,
				9592E8801C16BC9500B5566E /* SystemConfiguration.framework in Frameworks */,
				9592E87E1C16BC8C00B5566E /* CFNetwork.framework in Frameworks */,
			);
			runOnlyForDeploymentPostprocessing = 0;
		};
/* End PBXFrameworksBuildPhase section */

/* Begin PBXGroup section */
		9592E85D1C16B9C400B5566E = {
			isa = PBXGroup;
			children = (
				9592E8851C16BD4400B5566E /* libicucore.A.dylib */,
				9592E8831C16BD1C00B5566E /* libc++.1.dylib */,
				9592E8811C16BC9C00B5566E /* Security.framework */,
				9592E87F1C16BC9500B5566E /* SystemConfiguration.framework */,
				9592E87D1C16BC8C00B5566E /* CFNetwork.framework */,
				9592E8681C16B9C400B5566E /* Evenet */,
				9592E8671C16B9C400B5566E /* Products */,
			);
			sourceTree = "<group>";
		};
		9592E8671C16B9C400B5566E /* Products */ = {
			isa = PBXGroup;
			children = (
				9592E8661C16B9C400B5566E /* Evenet.app */,
			);
			name = Products;
			sourceTree = "<group>";
		};
		9592E8681C16B9C400B5566E /* Evenet */ = {
			isa = PBXGroup;
			children = (
				9592E8691C16B9C400B5566E /* AppDelegate.swift */,
				9592E86B1C16B9C400B5566E /* ViewController.swift */,
				9592E86D1C16B9C400B5566E /* Main.storyboard */,
				9592E8901C175FEB00B5566E /* HomeViewController.swift */,
				9592E8891C16CE3400B5566E /* SignUpViewController.swift */,
				9592E8701C16B9C400B5566E /* Assets.xcassets */,
				9592E8721C16B9C400B5566E /* LaunchScreen.storyboard */,
				9592E8751C16B9C400B5566E /* Info.plist */,
				9592E8871C16BDB100B5566E /* Firebase.framework */,
				9592E88B1C16CE9D00B5566E /* Evenet-Bridging-Header.h */,
			);
			path = Evenet;
			sourceTree = "<group>";
		};
/* End PBXGroup section */

/* Begin PBXNativeTarget section */
		9592E8651C16B9C400B5566E /* Evenet */ = {
			isa = PBXNativeTarget;
			buildConfigurationList = 9592E8781C16B9C400B5566E /* Build configuration list for PBXNativeTarget "Evenet" */;
			buildPhases = (
				9592E8621C16B9C400B5566E /* Sources */,
				9592E8631C16B9C400B5566E /* Frameworks */,
				9592E8641C16B9C400B5566E /* Resources */,
			);
			buildRules = (
			);
			dependencies = (
			);
			name = Evenet;
			productName = Evenet;
			productReference = 9592E8661C16B9C400B5566E /* Evenet.app */;
			productType = "com.apple.product-type.application";
		};
/* End PBXNativeTarget section */

/* Begin PBXProject section */
		9592E85E1C16B9C400B5566E /* Project object */ = {
			isa = PBXProject;
			attributes = {
				LastSwiftUpdateCheck = 0710;
				LastUpgradeCheck = 0710;
				ORGANIZATIONNAME = Evenet;
				TargetAttributes = {
					9592E8651C16B9C400B5566E = {
						CreatedOnToolsVersion = 7.1.1;
					};
				};
			};
			buildConfigurationList = 9592E8611C16B9C400B5566E /* Build configuration list for PBXProject "Evenet" */;
			compatibilityVersion = "Xcode 3.2";
			developmentRegion = English;
			hasScannedForEncodings = 0;
			knownRegions = (
				en,
				Base,
			);
			mainGroup = 9592E85D1C16B9C400B5566E;
			productRefGroup = 9592E8671C16B9C400B5566E /* Products */;
			projectDirPath = "";
			projectRoot = "";
			targets = (
				9592E8651C16B9C400B5566E /* Evenet */,
			);
		};
/* End PBXProject section */

/* Begin PBXResourcesBuildPhase section */
		9592E8641C16B9C400B5566E /* Resources */ = {
			isa = PBXResourcesBuildPhase;
			buildActionMask = 2147483647;
			files = (
				9592E8741C16B9C400B5566E /* LaunchScreen.storyboard in Resources */,
				9592E8711C16B9C400B5566E /* Assets.xcassets in Resources */,
				9592E86F1C16B9C400B5566E /* Main.storyboard in Resources */,
			);
			runOnlyForDeploymentPostprocessing = 0;
		};
/* End PBXResourcesBuildPhase section */

/* Begin PBXSourcesBuildPhase section */
		9592E8621C16B9C400B5566E /* Sources */ = {
			isa = PBXSourcesBuildPhase;
			buildActionMask = 2147483647;
			files = (
				9592E88A1C16CE3400B5566E /* SignUpViewController.swift in Sources */,
				9592E86C1C16B9C400B5566E /* ViewController.swift in Sources */,
				9592E86A1C16B9C400B5566E /* AppDelegate.swift in Sources */,
				9592E8911C175FEB00B5566E /* HomeViewController.swift in Sources */,
			);
			runOnlyForDeploymentPostprocessing = 0;
		};
/* End PBXSourcesBuildPhase section */

/* Begin PBXVariantGroup section */
		9592E86D1C16B9C400B5566E /* Main.storyboard */ = {
			isa = PBXVariantGroup;
			children = (
				9592E86E1C16B9C400B5566E /* Base */,
			);
			name = Main.storyboard;
			sourceTree = "<group>";
		};
		9592E8721C16B9C400B5566E /* LaunchScreen.storyboard */ = {
			isa = PBXVariantGroup;
			children = (
				9592E8731C16B9C400B5566E /* Base */,
			);
			name = LaunchScreen.storyboard;
			sourceTree = "<group>";
		};
/* End PBXVariantGroup section */

/* Begin XCBuildConfiguration section */
		9592E8761C16B9C400B5566E /* Debug */ = {
			isa = XCBuildConfiguration;
			buildSettings = {
				ALWAYS_SEARCH_USER_PATHS = NO;
				CLANG_CXX_LANGUAGE_STANDARD = "gnu++0x";
				CLANG_CXX_LIBRARY = "libc++";
				CLANG_ENABLE_MODULES = YES;
				CLANG_ENABLE_OBJC_ARC = YES;
				CLANG_WARN_BOOL_CONVERSION = YES;
				CLANG_WARN_CONSTANT_CONVERSION = YES;
				CLANG_WARN_DIRECT_OBJC_ISA_USAGE = YES_ERROR;
				CLANG_WARN_EMPTY_BODY = YES;
				CLANG_WARN_ENUM_CONVERSION = YES;
				CLANG_WARN_INT_CONVERSION = YES;
				CLANG_WARN_OBJC_ROOT_CLASS = YES_ERROR;
				CLANG_WARN_UNREACHABLE_CODE = YES;
				CLANG_WARN__DUPLICATE_METHOD_MATCH = YES;
				"CODE_SIGN_IDENTITY[sdk=iphoneos*]" = "iPhone Developer";
				COPY_PHASE_STRIP = NO;
				DEBUG_INFORMATION_FORMAT = dwarf;
				ENABLE_STRICT_OBJC_MSGSEND = YES;
				ENABLE_TESTABILITY = YES;
				GCC_C_LANGUAGE_STANDARD = gnu99;
				GCC_DYNAMIC_NO_PIC = NO;
				GCC_NO_COMMON_BLOCKS = YES;
				GCC_OPTIMIZATION_LEVEL = 0;
				GCC_PREPROCESSOR_DEFINITIONS = (
					"DEBUG=1",
					"$(inherited)",
				);
				GCC_WARN_64_TO_32_BIT_CONVERSION = YES;
				GCC_WARN_ABOUT_RETURN_TYPE = YES_ERROR;
				GCC_WARN_UNDECLARED_SELECTOR = YES;
				GCC_WARN_UNINITIALIZED_AUTOS = YES_AGGRESSIVE;
				GCC_WARN_UNUSED_FUNCTION = YES;
				GCC_WARN_UNUSED_VARIABLE = YES;
				IPHONEOS_DEPLOYMENT_TARGET = 9.1;
				MTL_ENABLE_DEBUG_INFO = YES;
				ONLY_ACTIVE_ARCH = YES;
				SDKROOT = iphoneos;
				SWIFT_OPTIMIZATION_LEVEL = "-Onone";
				TARGETED_DEVICE_FAMILY = "1,2";
			};
			name = Debug;
		};
		9592E8771C16B9C400B5566E /* Release */ = {
			isa = XCBuildConfiguration;
			buildSettings = {
				ALWAYS_SEARCH_USER_PATHS = NO;
				CLANG_CXX_LANGUAGE_STANDARD = "gnu++0x";
				CLANG_CXX_LIBRARY = "libc++";
				CLANG_ENABLE_MODULES = YES;
				CLANG_ENABLE_OBJC_ARC = YES;
				CLANG_WARN_BOOL_CONVERSION = YES;
				CLANG_WARN_CONSTANT_CONVERSION = YES;
				CLANG_WARN_DIRECT_OBJC_ISA_USAGE = YES_ERROR;
				CLANG_WARN_EMPTY_BODY = YES;
				CLANG_WARN_ENUM_CONVERSION = YES;
				CLANG_WARN_INT_CONVERSION = YES;
				CLANG_WARN_OBJC_ROOT_CLASS = YES_ERROR;
				CLANG_WARN_UNREACHABLE_CODE = YES;
				CLANG_WARN__DUPLICATE_METHOD_MATCH = YES;
				"CODE_SIGN_IDENTITY[sdk=iphoneos*]" = "iPhone Developer";
				COPY_PHASE_STRIP = NO;
				DEBUG_INFORMATION_FORMAT = "dwarf-with-dsym";
				ENABLE_NS_ASSERTIONS = NO;
				ENABLE_STRICT_OBJC_MSGSEND = YES;
				GCC_C_LANGUAGE_STANDARD = gnu99;
				GCC_NO_COMMON_BLOCKS = YES;
				GCC_WARN_64_TO_32_BIT_CONVERSION = YES;
				GCC_WARN_ABOUT_RETURN_TYPE = YES_ERROR;
				GCC_WARN_UNDECLARED_SELECTOR = YES;
				GCC_WARN_UNINITIALIZED_AUTOS = YES_AGGRESSIVE;
				GCC_WARN_UNUSED_FUNCTION = YES;
				GCC_WARN_UNUSED_VARIABLE = YES;
				IPHONEOS_DEPLOYMENT_TARGET = 9.1;
				MTL_ENABLE_DEBUG_INFO = NO;
				SDKROOT = iphoneos;
				TARGETED_DEVICE_FAMILY = "1,2";
				VALIDATE_PRODUCT = YES;
			};
			name = Release;
		};
		9592E8791C16B9C400B5566E /* Debug */ = {
			isa = XCBuildConfiguration;
			buildSettings = {
				ASSETCATALOG_COMPILER_APPICON_NAME = AppIcon;
				CLANG_ENABLE_MODULES = YES;
				FRAMEWORK_SEARCH_PATHS = (
					"$(inherited)",
					"$(PROJECT_DIR)/Evenet",
				);
				INFOPLIST_FILE = Evenet/Info.plist;
				LD_RUNPATH_SEARCH_PATHS = "$(inherited) @executable_path/Frameworks";
				OTHER_LDFLAGS = "-ObjC";
				PRODUCT_BUNDLE_IDENTIFIER = evenet.Evenet;
				PRODUCT_NAME = "$(TARGET_NAME)";
				SWIFT_OBJC_BRIDGING_HEADER = "Evenet/Evenet-Bridging-Header.h";
				SWIFT_OPTIMIZATION_LEVEL = "-Onone";
			};
			name = Debug;
		};
		9592E87A1C16B9C400B5566E /* Release */ = {
			isa = XCBuildConfiguration;
			buildSettings = {
				ASSETCATALOG_COMPILER_APPICON_NAME = AppIcon;
				CLANG_ENABLE_MODULES = YES;
				FRAMEWORK_SEARCH_PATHS = (
					"$(inherited)",
					"$(PROJECT_DIR)/Evenet",
				);
				INFOPLIST_FILE = Evenet/Info.plist;
				LD_RUNPATH_SEARCH_PATHS = "$(inherited) @executable_path/Frameworks";
				OTHER_LDFLAGS = "-ObjC";
				PRODUCT_BUNDLE_IDENTIFIER = evenet.Evenet;
				PRODUCT_NAME = "$(TARGET_NAME)";
				SWIFT_OBJC_BRIDGING_HEADER = "Evenet/Evenet-Bridging-Header.h";
			};
			name = Release;
		};
/* End XCBuildConfiguration section */

/* Begin XCConfigurationList section */
		9592E8611C16B9C400B5566E /* Build configuration list for PBXProject "Evenet" */ = {
			isa = XCConfigurationList;
			buildConfigurations = (
				9592E8761C16B9C400B5566E /* Debug */,
				9592E8771C16B9C400B5566E /* Release */,
			);
			defaultConfigurationIsVisible = 0;
			defaultConfigurationName = Release;
		};
		9592E8781C16B9C400B5566E /* Build configuration list for PBXNativeTarget "Evenet" */ = {
			isa = XCConfigurationList;
			buildConfigurations = (
				9592E8791C16B9C400B5566E /* Debug */,
				9592E87A1C16B9C400B5566E /* Release */,
			);
			defaultConfigurationIsVisible = 0;
		};
/* End XCConfigurationList section */
	};
	rootObject = 9592E85E1C16B9C400B5566E /* Project object */;
}
